
Microsoft Visual Studio Solution File, Format Version 12.00
# Visual Studio Version 16
VisualStudioVersion = 16.0.31624.102
MinimumVisualStudioVersion = 10.0.40219.1
Project("{FAE04EC0-301F-11D3-BF4B-00C04F79EFBC}") = "Homework-Lesson-6-arrays", "Homework-Lesson-6-arrays\Homework-Lesson-6-arrays.csproj", "{87BCB539-5D4A-4C63-81EF-1AED62E5AACA}"
EndProject
Global
	GlobalSection(SolutionConfigurationPlatforms) = preSolution
		Debug|Any CPU = Debug|Any CPU
		Release|Any CPU = Release|Any CPU
	EndGlobalSection
	GlobalSection(ProjectConfigurationPlatforms) = postSolution
		{87BCB539-5D4A-4C63-81EF-1AED62E5AACA}.Debug|Any CPU.ActiveCfg = Debug|Any CPU
		{87BCB539-5D4A-4C63-81EF-1AED62E5AACA}.Debug|Any CPU.Build.0 = Debug|Any CPU
		{87BCB539-5D4A-4C63-81EF-1AED62E5AACA}.Release|Any CPU.ActiveCfg = Release|Any CPU
		{87BCB539-5D4A-4C63-81EF-1AED62E5AACA}.Release|Any CPU.Build.0 = Release|Any CPU
	EndGlobalSection
	GlobalSection(SolutionProperties) = preSolution
		HideSolutionNode = FALSE
	EndGlobalSection
	GlobalSection(ExtensibilityGlobals) = postSolution
		SolutionGuid = {275571D4-2016-4FFD-BEC4-6F8AB646C8D7}
	EndGlobalSection
EndGlobal
