
Microsoft Visual Studio Solution File, Format Version 12.00
# Visual Studio Version 16
VisualStudioVersion = 16.0.31624.102
MinimumVisualStudioVersion = 10.0.40219.1
Project("{FAE04EC0-301F-11D3-BF4B-00C04F79EFBC}") = "Homework-lesson-1", "Homework-lesson-1\Homework-lesson-1.csproj", "{533552F4-BE27-4F38-8DE2-6DD164D91BEA}"
EndProject
Global
	GlobalSection(SolutionConfigurationPlatforms) = preSolution
		Debug|Any CPU = Debug|Any CPU
		Release|Any CPU = Release|Any CPU
	EndGlobalSection
	GlobalSection(ProjectConfigurationPlatforms) = postSolution
		{533552F4-BE27-4F38-8DE2-6DD164D91BEA}.Debug|Any CPU.ActiveCfg = Debug|Any CPU
		{533552F4-BE27-4F38-8DE2-6DD164D91BEA}.Debug|Any CPU.Build.0 = Debug|Any CPU
		{533552F4-BE27-4F38-8DE2-6DD164D91BEA}.Release|Any CPU.ActiveCfg = Release|Any CPU
		{533552F4-BE27-4F38-8DE2-6DD164D91BEA}.Release|Any CPU.Build.0 = Release|Any CPU
	EndGlobalSection
	GlobalSection(SolutionProperties) = preSolution
		HideSolutionNode = FALSE
	EndGlobalSection
	GlobalSection(ExtensibilityGlobals) = postSolution
		SolutionGuid = {A5F3B9D0-3E5A-4D51-9105-1AED12A5B12A}
	EndGlobalSection
EndGlobal
